
Microsoft Visual Studio Solution File, Format Version 12.00
# Visual Studio Version 17
VisualStudioVersion = 17.6.33723.286
MinimumVisualStudioVersion = 10.0.40219.1
Project("{FAE04EC0-301F-11D3-BF4B-00C04F79EFBC}") = "Actividad11", "Actividad11\Actividad11.csproj", "{006E2A61-9BFA-489C-A892-4663BFBEDF6F}"
EndProject
Global
	GlobalSection(SolutionConfigurationPlatforms) = preSolution
		Debug|Any CPU = Debug|Any CPU
		Release|Any CPU = Release|Any CPU
	EndGlobalSection
	GlobalSection(ProjectConfigurationPlatforms) = postSolution
		{006E2A61-9BFA-489C-A892-4663BFBEDF6F}.Debug|Any CPU.ActiveCfg = Debug|Any CPU
		{006E2A61-9BFA-489C-A892-4663BFBEDF6F}.Debug|Any CPU.Build.0 = Debug|Any CPU
		{006E2A61-9BFA-489C-A892-4663BFBEDF6F}.Release|Any CPU.ActiveCfg = Release|Any CPU
		{006E2A61-9BFA-489C-A892-4663BFBEDF6F}.Release|Any CPU.Build.0 = Release|Any CPU
	EndGlobalSection
	GlobalSection(SolutionProperties) = preSolution
		HideSolutionNode = FALSE
	EndGlobalSection
	GlobalSection(ExtensibilityGlobals) = postSolution
		SolutionGuid = {F7CCBEB2-FD7E-4E3E-9051-8FF5D70665B8}
	EndGlobalSection
EndGlobal
