
Microsoft Visual Studio Solution File, Format Version 12.00
# Visual Studio Version 17
VisualStudioVersion = 17.8.34525.116
MinimumVisualStudioVersion = 10.0.40219.1
Project("{FAE04EC0-301F-11D3-BF4B-00C04F79EFBC}") = "Ejercicio", "Ejercicio\Ejercicio.csproj", "{50820962-61DE-4139-8E76-CD718279532F}"
EndProject
Global
	GlobalSection(SolutionConfigurationPlatforms) = preSolution
		Debug|Any CPU = Debug|Any CPU
		Release|Any CPU = Release|Any CPU
	EndGlobalSection
	GlobalSection(ProjectConfigurationPlatforms) = postSolution
		{50820962-61DE-4139-8E76-CD718279532F}.Debug|Any CPU.ActiveCfg = Debug|Any CPU
		{50820962-61DE-4139-8E76-CD718279532F}.Debug|Any CPU.Build.0 = Debug|Any CPU
		{50820962-61DE-4139-8E76-CD718279532F}.Release|Any CPU.ActiveCfg = Release|Any CPU
		{50820962-61DE-4139-8E76-CD718279532F}.Release|Any CPU.Build.0 = Release|Any CPU
	EndGlobalSection
	GlobalSection(SolutionProperties) = preSolution
		HideSolutionNode = FALSE
	EndGlobalSection
	GlobalSection(ExtensibilityGlobals) = postSolution
		SolutionGuid = {3F595DC2-1415-4A12-8715-E8550C964745}
	EndGlobalSection
EndGlobal
